
Microsoft Visual Studio Solution File, Format Version 12.00
# Visual Studio Version 17
VisualStudioVersion = 17.14.36414.22 d17.14
MinimumVisualStudioVersion = 10.0.40219.1
Project("{FAE04EC0-301F-11D3-BF4B-00C04F79EFBC}") = "OLEDemulator", "OLEDemulator\OLEDemulator.csproj", "{200CB8AA-C990-48E8-8E13-A87B008C627C}"
EndProject
Global
	GlobalSection(SolutionConfigurationPlatforms) = preSolution
		Debug|Any CPU = Debug|Any CPU
		Release|Any CPU = Release|Any CPU
	EndGlobalSection
	GlobalSection(ProjectConfigurationPlatforms) = postSolution
		{200CB8AA-C990-48E8-8E13-A87B008C627C}.Debug|Any CPU.ActiveCfg = Debug|Any CPU
		{200CB8AA-C990-48E8-8E13-A87B008C627C}.Debug|Any CPU.Build.0 = Debug|Any CPU
		{200CB8AA-C990-48E8-8E13-A87B008C627C}.Release|Any CPU.ActiveCfg = Release|Any CPU
		{200CB8AA-C990-48E8-8E13-A87B008C627C}.Release|Any CPU.Build.0 = Release|Any CPU
	EndGlobalSection
	GlobalSection(SolutionProperties) = preSolution
		HideSolutionNode = FALSE
	EndGlobalSection
	GlobalSection(ExtensibilityGlobals) = postSolution
		SolutionGuid = {80311E53-3F9F-4259-B2EB-485D276F84F2}
	EndGlobalSection
EndGlobal
